
Microsoft Visual Studio Solution File, Format Version 12.00
# Visual Studio Version 17
VisualStudioVersion = 17.0.32126.317
MinimumVisualStudioVersion = 10.0.40219.1
Project("{FAE04EC0-301F-11D3-BF4B-00C04F79EFBC}") = "UDPServer", "UDPServer\UDPServer.csproj", "{30700967-54B6-4E9C-9B55-A7753B2C7112}"
EndProject
Project("{9A19103F-16F7-4668-BE54-9A1E7A4F7556}") = "TextFiles", "TextFiles\TextFiles.csproj", "{DFDC66CF-1FBC-47A9-B618-0937F15D0DF5}"
EndProject
Project("{9A19103F-16F7-4668-BE54-9A1E7A4F7556}") = "Udemy", "Udemy\Udemy.csproj", "{5D1F4581-FD61-4D5C-A444-E3627922C299}"
EndProject
Project("{9A19103F-16F7-4668-BE54-9A1E7A4F7556}") = "WordUnscrambler", "WordUnscrambler\WordUnscrambler.csproj", "{04469A7D-EE88-408F-AEAD-F90E48E52527}"
EndProject
Project("{9A19103F-16F7-4668-BE54-9A1E7A4F7556}") = "WebScraper", "WebScraper\WebScraper.csproj", "{03474BAB-90D5-4754-92C6-583D97D588AA}"
EndProject
Project("{9A19103F-16F7-4668-BE54-9A1E7A4F7556}") = "SudokuSolver", "SudokuSolver\SudokuSolver.csproj", "{6E3F76BD-7000-4F7A-A74F-89DE4B9464EA}"
EndProject
Project("{FAE04EC0-301F-11D3-BF4B-00C04F79EFBC}") = "WindowsService", "WindowsService\WindowsService.csproj", "{E5CF633F-7F74-410A-AA08-E698DA555AE4}"
EndProject
Project("{9A19103F-16F7-4668-BE54-9A1E7A4F7556}") = "ClassLibrary", "ClassLibrary1\ClassLibrary.csproj", "{8EB60395-985F-4D39-A687-E1125396CA57}"
EndProject
Project("{9A19103F-16F7-4668-BE54-9A1E7A4F7556}") = "Forms", "Library\Forms.csproj", "{DBF6144E-A98D-4967-AD30-51D79BC4659C}"
EndProject
Project("{9A19103F-16F7-4668-BE54-9A1E7A4F7556}") = "Tutorial", "Tutorial\Tutorial.csproj", "{B7FE592B-B203-4387-9837-D8F6B26CCDF2}"
EndProject
Project("{9A19103F-16F7-4668-BE54-9A1E7A4F7556}") = "ServerForm", "ServerForm\ServerForm.csproj", "{FE965DAD-4A34-4657-A4D5-C095DD93CA65}"
EndProject
Project("{9A19103F-16F7-4668-BE54-9A1E7A4F7556}") = "ClientForm2", "ClientForm2\ClientForm2.csproj", "{CF2BFCF4-D953-43E2-B8BE-6EE991968A2B}"
EndProject
Project("{FAE04EC0-301F-11D3-BF4B-00C04F79EFBC}") = "UDPClient", "UDPClient\UDPClient.csproj", "{C9B5426C-1A00-4D96-B340-EF286B5D6209}"
EndProject
Project("{9A19103F-16F7-4668-BE54-9A1E7A4F7556}") = "MQTTClient", "MQTTClient\MQTTClient.csproj", "{7B433EB3-C1C4-4530-B463-C9E7C423197D}"
EndProject
Project("{FAE04EC0-301F-11D3-BF4B-00C04F79EFBC}") = "MQTTServer", "MQTTServer\MQTTServer.csproj", "{30315362-47AD-4EF6-A345-192DD8393A80}"
EndProject
Project("{9A19103F-16F7-4668-BE54-9A1E7A4F7556}") = "Shop", "Shop\Shop.csproj", "{47D2347F-D0F7-4BAA-9A16-D558B122B12F}"
EndProject
Project("{9A19103F-16F7-4668-BE54-9A1E7A4F7556}") = "ShopLibrary", "ShopLibrary\ShopLibrary.csproj", "{C71F4BA8-DF4B-425A-86AB-0BB6A99209D5}"
EndProject
Project("{9A19103F-16F7-4668-BE54-9A1E7A4F7556}") = "ParallelProgramming", "ParallelProgramming\ParallelProgramming.csproj", "{8097227B-E836-4DD9-AECD-113391694B8C}"
EndProject
Project("{9A19103F-16F7-4668-BE54-9A1E7A4F7556}") = "ParallelProgrammingForm", "ParallelProgrammingForm\ParallelProgrammingForm.csproj", "{05CB375B-EC31-4033-8833-8A45DBCA6895}"
EndProject
Project("{FAE04EC0-301F-11D3-BF4B-00C04F79EFBC}") = "CallAPI", "CallAPI\CallAPI.csproj", "{A52D9527-C506-4327-B9AE-7EDAAFA4B211}"
EndProject
Global
	GlobalSection(SolutionConfigurationPlatforms) = preSolution
		Debug|Any CPU = Debug|Any CPU
		Debug|x64 = Debug|x64
		Release|Any CPU = Release|Any CPU
		Release|x64 = Release|x64
	EndGlobalSection
	GlobalSection(ProjectConfigurationPlatforms) = postSolution
		{30700967-54B6-4E9C-9B55-A7753B2C7112}.Debug|Any CPU.ActiveCfg = Debug|Any CPU
		{30700967-54B6-4E9C-9B55-A7753B2C7112}.Debug|Any CPU.Build.0 = Debug|Any CPU
		{30700967-54B6-4E9C-9B55-A7753B2C7112}.Debug|x64.ActiveCfg = Debug|Any CPU
		{30700967-54B6-4E9C-9B55-A7753B2C7112}.Debug|x64.Build.0 = Debug|Any CPU
		{30700967-54B6-4E9C-9B55-A7753B2C7112}.Release|Any CPU.ActiveCfg = Release|Any CPU
		{30700967-54B6-4E9C-9B55-A7753B2C7112}.Release|Any CPU.Build.0 = Release|Any CPU
		{30700967-54B6-4E9C-9B55-A7753B2C7112}.Release|x64.ActiveCfg = Release|Any CPU
		{30700967-54B6-4E9C-9B55-A7753B2C7112}.Release|x64.Build.0 = Release|Any CPU
		{DFDC66CF-1FBC-47A9-B618-0937F15D0DF5}.Debug|Any CPU.ActiveCfg = Debug|Any CPU
		{DFDC66CF-1FBC-47A9-B618-0937F15D0DF5}.Debug|Any CPU.Build.0 = Debug|Any CPU
		{DFDC66CF-1FBC-47A9-B618-0937F15D0DF5}.Debug|x64.ActiveCfg = Debug|Any CPU
		{DFDC66CF-1FBC-47A9-B618-0937F15D0DF5}.Debug|x64.Build.0 = Debug|Any CPU
		{DFDC66CF-1FBC-47A9-B618-0937F15D0DF5}.Release|Any CPU.ActiveCfg = Release|Any CPU
		{DFDC66CF-1FBC-47A9-B618-0937F15D0DF5}.Release|Any CPU.Build.0 = Release|Any CPU
		{DFDC66CF-1FBC-47A9-B618-0937F15D0DF5}.Release|x64.ActiveCfg = Release|Any CPU
		{DFDC66CF-1FBC-47A9-B618-0937F15D0DF5}.Release|x64.Build.0 = Release|Any CPU
		{5D1F4581-FD61-4D5C-A444-E3627922C299}.Debug|Any CPU.ActiveCfg = Debug|Any CPU
		{5D1F4581-FD61-4D5C-A444-E3627922C299}.Debug|Any CPU.Build.0 = Debug|Any CPU
		{5D1F4581-FD61-4D5C-A444-E3627922C299}.Debug|x64.ActiveCfg = Debug|Any CPU
		{5D1F4581-FD61-4D5C-A444-E3627922C299}.Debug|x64.Build.0 = Debug|Any CPU
		{5D1F4581-FD61-4D5C-A444-E3627922C299}.Release|Any CPU.ActiveCfg = Release|Any CPU
		{5D1F4581-FD61-4D5C-A444-E3627922C299}.Release|Any CPU.Build.0 = Release|Any CPU
		{5D1F4581-FD61-4D5C-A444-E3627922C299}.Release|x64.ActiveCfg = Release|Any CPU
		{5D1F4581-FD61-4D5C-A444-E3627922C299}.Release|x64.Build.0 = Release|Any CPU
		{04469A7D-EE88-408F-AEAD-F90E48E52527}.Debug|Any CPU.ActiveCfg = Debug|Any CPU
		{04469A7D-EE88-408F-AEAD-F90E48E52527}.Debug|Any CPU.Build.0 = Debug|Any CPU
		{04469A7D-EE88-408F-AEAD-F90E48E52527}.Debug|x64.ActiveCfg = Debug|Any CPU
		{04469A7D-EE88-408F-AEAD-F90E48E52527}.Debug|x64.Build.0 = Debug|Any CPU
		{04469A7D-EE88-408F-AEAD-F90E48E52527}.Release|Any CPU.ActiveCfg = Release|Any CPU
		{04469A7D-EE88-408F-AEAD-F90E48E52527}.Release|Any CPU.Build.0 = Release|Any CPU
		{04469A7D-EE88-408F-AEAD-F90E48E52527}.Release|x64.ActiveCfg = Release|Any CPU
		{04469A7D-EE88-408F-AEAD-F90E48E52527}.Release|x64.Build.0 = Release|Any CPU
		{03474BAB-90D5-4754-92C6-583D97D588AA}.Debug|Any CPU.ActiveCfg = Debug|Any CPU
		{03474BAB-90D5-4754-92C6-583D97D588AA}.Debug|Any CPU.Build.0 = Debug|Any CPU
		{03474BAB-90D5-4754-92C6-583D97D588AA}.Debug|x64.ActiveCfg = Debug|Any CPU
		{03474BAB-90D5-4754-92C6-583D97D588AA}.Debug|x64.Build.0 = Debug|Any CPU
		{03474BAB-90D5-4754-92C6-583D97D588AA}.Release|Any CPU.ActiveCfg = Release|Any CPU
		{03474BAB-90D5-4754-92C6-583D97D588AA}.Release|Any CPU.Build.0 = Release|Any CPU
		{03474BAB-90D5-4754-92C6-583D97D588AA}.Release|x64.ActiveCfg = Release|Any CPU
		{03474BAB-90D5-4754-92C6-583D97D588AA}.Release|x64.Build.0 = Release|Any CPU
		{6E3F76BD-7000-4F7A-A74F-89DE4B9464EA}.Debug|Any CPU.ActiveCfg = Debug|Any CPU
		{6E3F76BD-7000-4F7A-A74F-89DE4B9464EA}.Debug|Any CPU.Build.0 = Debug|Any CPU
		{6E3F76BD-7000-4F7A-A74F-89DE4B9464EA}.Debug|x64.ActiveCfg = Debug|Any CPU
		{6E3F76BD-7000-4F7A-A74F-89DE4B9464EA}.Debug|x64.Build.0 = Debug|Any CPU
		{6E3F76BD-7000-4F7A-A74F-89DE4B9464EA}.Release|Any CPU.ActiveCfg = Release|Any CPU
		{6E3F76BD-7000-4F7A-A74F-89DE4B9464EA}.Release|Any CPU.Build.0 = Release|Any CPU
		{6E3F76BD-7000-4F7A-A74F-89DE4B9464EA}.Release|x64.ActiveCfg = Release|Any CPU
		{6E3F76BD-7000-4F7A-A74F-89DE4B9464EA}.Release|x64.Build.0 = Release|Any CPU
		{E5CF633F-7F74-410A-AA08-E698DA555AE4}.Debug|Any CPU.ActiveCfg = Debug|Any CPU
		{E5CF633F-7F74-410A-AA08-E698DA555AE4}.Debug|Any CPU.Build.0 = Debug|Any CPU
		{E5CF633F-7F74-410A-AA08-E698DA555AE4}.Debug|x64.ActiveCfg = Debug|Any CPU
		{E5CF633F-7F74-410A-AA08-E698DA555AE4}.Debug|x64.Build.0 = Debug|Any CPU
		{E5CF633F-7F74-410A-AA08-E698DA555AE4}.Release|Any CPU.ActiveCfg = Release|Any CPU
		{E5CF633F-7F74-410A-AA08-E698DA555AE4}.Release|Any CPU.Build.0 = Release|Any CPU
		{E5CF633F-7F74-410A-AA08-E698DA555AE4}.Release|x64.ActiveCfg = Release|Any CPU
		{E5CF633F-7F74-410A-AA08-E698DA555AE4}.Release|x64.Build.0 = Release|Any CPU
		{8EB60395-985F-4D39-A687-E1125396CA57}.Debug|Any CPU.ActiveCfg = Debug|Any CPU
		{8EB60395-985F-4D39-A687-E1125396CA57}.Debug|Any CPU.Build.0 = Debug|Any CPU
		{8EB60395-985F-4D39-A687-E1125396CA57}.Debug|x64.ActiveCfg = Debug|Any CPU
		{8EB60395-985F-4D39-A687-E1125396CA57}.Debug|x64.Build.0 = Debug|Any CPU
		{8EB60395-985F-4D39-A687-E1125396CA57}.Release|Any CPU.ActiveCfg = Release|Any CPU
		{8EB60395-985F-4D39-A687-E1125396CA57}.Release|Any CPU.Build.0 = Release|Any CPU
		{8EB60395-985F-4D39-A687-E1125396CA57}.Release|x64.ActiveCfg = Release|Any CPU
		{8EB60395-985F-4D39-A687-E1125396CA57}.Release|x64.Build.0 = Release|Any CPU
		{DBF6144E-A98D-4967-AD30-51D79BC4659C}.Debug|Any CPU.ActiveCfg = Debug|Any CPU
		{DBF6144E-A98D-4967-AD30-51D79BC4659C}.Debug|Any CPU.Build.0 = Debug|Any CPU
		{DBF6144E-A98D-4967-AD30-51D79BC4659C}.Debug|x64.ActiveCfg = Debug|x64
		{DBF6144E-A98D-4967-AD30-51D79BC4659C}.Debug|x64.Build.0 = Debug|x64
		{DBF6144E-A98D-4967-AD30-51D79BC4659C}.Release|Any CPU.ActiveCfg = Release|Any CPU
		{DBF6144E-A98D-4967-AD30-51D79BC4659C}.Release|Any CPU.Build.0 = Release|Any CPU
		{DBF6144E-A98D-4967-AD30-51D79BC4659C}.Release|x64.ActiveCfg = Release|x64
		{DBF6144E-A98D-4967-AD30-51D79BC4659C}.Release|x64.Build.0 = Release|x64
		{B7FE592B-B203-4387-9837-D8F6B26CCDF2}.Debug|Any CPU.ActiveCfg = Debug|Any CPU
		{B7FE592B-B203-4387-9837-D8F6B26CCDF2}.Debug|Any CPU.Build.0 = Debug|Any CPU
		{B7FE592B-B203-4387-9837-D8F6B26CCDF2}.Debug|x64.ActiveCfg = Debug|Any CPU
		{B7FE592B-B203-4387-9837-D8F6B26CCDF2}.Debug|x64.Build.0 = Debug|Any CPU
		{B7FE592B-B203-4387-9837-D8F6B26CCDF2}.Release|Any CPU.ActiveCfg = Release|Any CPU
		{B7FE592B-B203-4387-9837-D8F6B26CCDF2}.Release|Any CPU.Build.0 = Release|Any CPU
		{B7FE592B-B203-4387-9837-D8F6B26CCDF2}.Release|x64.ActiveCfg = Release|Any CPU
		{B7FE592B-B203-4387-9837-D8F6B26CCDF2}.Release|x64.Build.0 = Release|Any CPU
		{FE965DAD-4A34-4657-A4D5-C095DD93CA65}.Debug|Any CPU.ActiveCfg = Debug|Any CPU
		{FE965DAD-4A34-4657-A4D5-C095DD93CA65}.Debug|Any CPU.Build.0 = Debug|Any CPU
		{FE965DAD-4A34-4657-A4D5-C095DD93CA65}.Debug|x64.ActiveCfg = Debug|Any CPU
		{FE965DAD-4A34-4657-A4D5-C095DD93CA65}.Debug|x64.Build.0 = Debug|Any CPU
		{FE965DAD-4A34-4657-A4D5-C095DD93CA65}.Release|Any CPU.ActiveCfg = Release|Any CPU
		{FE965DAD-4A34-4657-A4D5-C095DD93CA65}.Release|Any CPU.Build.0 = Release|Any CPU
		{FE965DAD-4A34-4657-A4D5-C095DD93CA65}.Release|x64.ActiveCfg = Release|Any CPU
		{FE965DAD-4A34-4657-A4D5-C095DD93CA65}.Release|x64.Build.0 = Release|Any CPU
		{CF2BFCF4-D953-43E2-B8BE-6EE991968A2B}.Debug|Any CPU.ActiveCfg = Debug|Any CPU
		{CF2BFCF4-D953-43E2-B8BE-6EE991968A2B}.Debug|Any CPU.Build.0 = Debug|Any CPU
		{CF2BFCF4-D953-43E2-B8BE-6EE991968A2B}.Debug|x64.ActiveCfg = Debug|Any CPU
		{CF2BFCF4-D953-43E2-B8BE-6EE991968A2B}.Debug|x64.Build.0 = Debug|Any CPU
		{CF2BFCF4-D953-43E2-B8BE-6EE991968A2B}.Release|Any CPU.ActiveCfg = Release|Any CPU
		{CF2BFCF4-D953-43E2-B8BE-6EE991968A2B}.Release|Any CPU.Build.0 = Release|Any CPU
		{CF2BFCF4-D953-43E2-B8BE-6EE991968A2B}.Release|x64.ActiveCfg = Release|Any CPU
		{CF2BFCF4-D953-43E2-B8BE-6EE991968A2B}.Release|x64.Build.0 = Release|Any CPU
		{C9B5426C-1A00-4D96-B340-EF286B5D6209}.Debug|Any CPU.ActiveCfg = Debug|Any CPU
		{C9B5426C-1A00-4D96-B340-EF286B5D6209}.Debug|Any CPU.Build.0 = Debug|Any CPU
		{C9B5426C-1A00-4D96-B340-EF286B5D6209}.Debug|x64.ActiveCfg = Debug|Any CPU
		{C9B5426C-1A00-4D96-B340-EF286B5D6209}.Debug|x64.Build.0 = Debug|Any CPU
		{C9B5426C-1A00-4D96-B340-EF286B5D6209}.Release|Any CPU.ActiveCfg = Release|Any CPU
		{C9B5426C-1A00-4D96-B340-EF286B5D6209}.Release|Any CPU.Build.0 = Release|Any CPU
		{C9B5426C-1A00-4D96-B340-EF286B5D6209}.Release|x64.ActiveCfg = Release|Any CPU
		{C9B5426C-1A00-4D96-B340-EF286B5D6209}.Release|x64.Build.0 = Release|Any CPU
		{7B433EB3-C1C4-4530-B463-C9E7C423197D}.Debug|Any CPU.ActiveCfg = Debug|Any CPU
		{7B433EB3-C1C4-4530-B463-C9E7C423197D}.Debug|Any CPU.Build.0 = Debug|Any CPU
		{7B433EB3-C1C4-4530-B463-C9E7C423197D}.Debug|x64.ActiveCfg = Debug|Any CPU
		{7B433EB3-C1C4-4530-B463-C9E7C423197D}.Debug|x64.Build.0 = Debug|Any CPU
		{7B433EB3-C1C4-4530-B463-C9E7C423197D}.Release|Any CPU.ActiveCfg = Release|Any CPU
		{7B433EB3-C1C4-4530-B463-C9E7C423197D}.Release|Any CPU.Build.0 = Release|Any CPU
		{7B433EB3-C1C4-4530-B463-C9E7C423197D}.Release|x64.ActiveCfg = Release|Any CPU
		{7B433EB3-C1C4-4530-B463-C9E7C423197D}.Release|x64.Build.0 = Release|Any CPU
		{30315362-47AD-4EF6-A345-192DD8393A80}.Debug|Any CPU.ActiveCfg = Debug|Any CPU
		{30315362-47AD-4EF6-A345-192DD8393A80}.Debug|Any CPU.Build.0 = Debug|Any CPU
		{30315362-47AD-4EF6-A345-192DD8393A80}.Debug|x64.ActiveCfg = Debug|Any CPU
		{30315362-47AD-4EF6-A345-192DD8393A80}.Debug|x64.Build.0 = Debug|Any CPU
		{30315362-47AD-4EF6-A345-192DD8393A80}.Release|Any CPU.ActiveCfg = Release|Any CPU
		{30315362-47AD-4EF6-A345-192DD8393A80}.Release|Any CPU.Build.0 = Release|Any CPU
		{30315362-47AD-4EF6-A345-192DD8393A80}.Release|x64.ActiveCfg = Release|Any CPU
		{30315362-47AD-4EF6-A345-192DD8393A80}.Release|x64.Build.0 = Release|Any CPU
		{47D2347F-D0F7-4BAA-9A16-D558B122B12F}.Debug|Any CPU.ActiveCfg = Debug|Any CPU
		{47D2347F-D0F7-4BAA-9A16-D558B122B12F}.Debug|Any CPU.Build.0 = Debug|Any CPU
		{47D2347F-D0F7-4BAA-9A16-D558B122B12F}.Debug|x64.ActiveCfg = Debug|Any CPU
		{47D2347F-D0F7-4BAA-9A16-D558B122B12F}.Debug|x64.Build.0 = Debug|Any CPU
		{47D2347F-D0F7-4BAA-9A16-D558B122B12F}.Release|Any CPU.ActiveCfg = Release|Any CPU
		{47D2347F-D0F7-4BAA-9A16-D558B122B12F}.Release|Any CPU.Build.0 = Release|Any CPU
		{47D2347F-D0F7-4BAA-9A16-D558B122B12F}.Release|x64.ActiveCfg = Release|Any CPU
		{47D2347F-D0F7-4BAA-9A16-D558B122B12F}.Release|x64.Build.0 = Release|Any CPU
		{C71F4BA8-DF4B-425A-86AB-0BB6A99209D5}.Debug|Any CPU.ActiveCfg = Debug|Any CPU
		{C71F4BA8-DF4B-425A-86AB-0BB6A99209D5}.Debug|Any CPU.Build.0 = Debug|Any CPU
		{C71F4BA8-DF4B-425A-86AB-0BB6A99209D5}.Debug|x64.ActiveCfg = Debug|Any CPU
		{C71F4BA8-DF4B-425A-86AB-0BB6A99209D5}.Debug|x64.Build.0 = Debug|Any CPU
		{C71F4BA8-DF4B-425A-86AB-0BB6A99209D5}.Release|Any CPU.ActiveCfg = Release|Any CPU
		{C71F4BA8-DF4B-425A-86AB-0BB6A99209D5}.Release|Any CPU.Build.0 = Release|Any CPU
		{C71F4BA8-DF4B-425A-86AB-0BB6A99209D5}.Release|x64.ActiveCfg = Release|Any CPU
		{C71F4BA8-DF4B-425A-86AB-0BB6A99209D5}.Release|x64.Build.0 = Release|Any CPU
		{8097227B-E836-4DD9-AECD-113391694B8C}.Debug|Any CPU.ActiveCfg = Debug|Any CPU
		{8097227B-E836-4DD9-AECD-113391694B8C}.Debug|Any CPU.Build.0 = Debug|Any CPU
		{8097227B-E836-4DD9-AECD-113391694B8C}.Debug|x64.ActiveCfg = Debug|Any CPU
		{8097227B-E836-4DD9-AECD-113391694B8C}.Debug|x64.Build.0 = Debug|Any CPU
		{8097227B-E836-4DD9-AECD-113391694B8C}.Release|Any CPU.ActiveCfg = Release|Any CPU
		{8097227B-E836-4DD9-AECD-113391694B8C}.Release|Any CPU.Build.0 = Release|Any CPU
		{8097227B-E836-4DD9-AECD-113391694B8C}.Release|x64.ActiveCfg = Release|Any CPU
		{8097227B-E836-4DD9-AECD-113391694B8C}.Release|x64.Build.0 = Release|Any CPU
		{05CB375B-EC31-4033-8833-8A45DBCA6895}.Debug|Any CPU.ActiveCfg = Debug|Any CPU
		{05CB375B-EC31-4033-8833-8A45DBCA6895}.Debug|Any CPU.Build.0 = Debug|Any CPU
		{05CB375B-EC31-4033-8833-8A45DBCA6895}.Debug|x64.ActiveCfg = Debug|Any CPU
		{05CB375B-EC31-4033-8833-8A45DBCA6895}.Debug|x64.Build.0 = Debug|Any CPU
		{05CB375B-EC31-4033-8833-8A45DBCA6895}.Release|Any CPU.ActiveCfg = Release|Any CPU
		{05CB375B-EC31-4033-8833-8A45DBCA6895}.Release|Any CPU.Build.0 = Release|Any CPU
		{05CB375B-EC31-4033-8833-8A45DBCA6895}.Release|x64.ActiveCfg = Release|Any CPU
		{05CB375B-EC31-4033-8833-8A45DBCA6895}.Release|x64.Build.0 = Release|Any CPU
		{A52D9527-C506-4327-B9AE-7EDAAFA4B211}.Debug|Any CPU.ActiveCfg = Debug|Any CPU
		{A52D9527-C506-4327-B9AE-7EDAAFA4B211}.Debug|Any CPU.Build.0 = Debug|Any CPU
		{A52D9527-C506-4327-B9AE-7EDAAFA4B211}.Debug|x64.ActiveCfg = Debug|Any CPU
		{A52D9527-C506-4327-B9AE-7EDAAFA4B211}.Debug|x64.Build.0 = Debug|Any CPU
		{A52D9527-C506-4327-B9AE-7EDAAFA4B211}.Release|Any CPU.ActiveCfg = Release|Any CPU
		{A52D9527-C506-4327-B9AE-7EDAAFA4B211}.Release|Any CPU.Build.0 = Release|Any CPU
		{A52D9527-C506-4327-B9AE-7EDAAFA4B211}.Release|x64.ActiveCfg = Release|Any CPU
		{A52D9527-C506-4327-B9AE-7EDAAFA4B211}.Release|x64.Build.0 = Release|Any CPU
	EndGlobalSection
	GlobalSection(SolutionProperties) = preSolution
		HideSolutionNode = FALSE
	EndGlobalSection
	GlobalSection(ExtensibilityGlobals) = postSolution
		SolutionGuid = {7D53AB96-244B-4597-8125-F7920E3B6814}
	EndGlobalSection
EndGlobal
