
Microsoft Visual Studio Solution File, Format Version 12.00
# Visual Studio Version 17
VisualStudioVersion = 17.0.32126.317
MinimumVisualStudioVersion = 10.0.40219.1
Project("{9A19103F-16F7-4668-BE54-9A1E7A4F7556}") = "Lesson1", "Lesson1\Lesson1.csproj", "{A2653285-AE49-4537-8B18-8F77BFEA5F1D}"
EndProject
Project("{9A19103F-16F7-4668-BE54-9A1E7A4F7556}") = "Library", "Library\Library.csproj", "{F87BF805-4A17-4484-99E9-243522452BA3}"
EndProject
Project("{FAE04EC0-301F-11D3-BF4B-00C04F79EFBC}") = "TCPServer", "TCPServer\TCPServer.csproj", "{288E9470-0EF9-4C73-BEEB-D231B864A8FC}"
EndProject
Project("{FAE04EC0-301F-11D3-BF4B-00C04F79EFBC}") = "TCPClient", "TCPClient\TCPClient.csproj", "{7816EB1B-B215-44EB-97C3-5E309546EC4A}"
EndProject
Project("{FAE04EC0-301F-11D3-BF4B-00C04F79EFBC}") = "Email", "Email\Email.csproj", "{87569B9B-DD81-4E47-A641-526FFA8D53F6}"
EndProject
Project("{FAE04EC0-301F-11D3-BF4B-00C04F79EFBC}") = "UDPServer", "UDPServer\UDPServer.csproj", "{30700967-54B6-4E9C-9B55-A7753B2C7112}"
EndProject
Project("{FAE04EC0-301F-11D3-BF4B-00C04F79EFBC}") = "GPSMap", "GPSMap\GPSMap.csproj", "{03F4D06F-058E-4505-A386-B025A3A175F4}"
EndProject
Project("{9A19103F-16F7-4668-BE54-9A1E7A4F7556}") = "TextFiles", "TextFiles\TextFiles.csproj", "{DFDC66CF-1FBC-47A9-B618-0937F15D0DF5}"
EndProject
Project("{9A19103F-16F7-4668-BE54-9A1E7A4F7556}") = "Udemy", "Udemy\Udemy.csproj", "{5D1F4581-FD61-4D5C-A444-E3627922C299}"
EndProject
Project("{9A19103F-16F7-4668-BE54-9A1E7A4F7556}") = "WordUnscrambler", "WordUnscrambler\WordUnscrambler.csproj", "{04469A7D-EE88-408F-AEAD-F90E48E52527}"
EndProject
Project("{9A19103F-16F7-4668-BE54-9A1E7A4F7556}") = "WebScraper", "WebScraper\WebScraper.csproj", "{03474BAB-90D5-4754-92C6-583D97D588AA}"
EndProject
Project("{9A19103F-16F7-4668-BE54-9A1E7A4F7556}") = "SudokuSolver", "SudokuSolver\SudokuSolver.csproj", "{6E3F76BD-7000-4F7A-A74F-89DE4B9464EA}"
EndProject
Project("{9A19103F-16F7-4668-BE54-9A1E7A4F7556}") = "ExcelFile", "ExcelFile\ExcelFile.csproj", "{E964932B-2C91-4FF1-9A84-69D952B4234C}"
EndProject
Project("{FAE04EC0-301F-11D3-BF4B-00C04F79EFBC}") = "WindowsService", "WindowsService\WindowsService.csproj", "{E5CF633F-7F74-410A-AA08-E698DA555AE4}"
EndProject
Project("{FAE04EC0-301F-11D3-BF4B-00C04F79EFBC}") = "ClassLibrary", "ClassLibrary1\ClassLibrary.csproj", "{8EB60395-985F-4D39-A687-E1125396CA57}"
EndProject
Global
	GlobalSection(SolutionConfigurationPlatforms) = preSolution
		Debug|Any CPU = Debug|Any CPU
		Debug|x64 = Debug|x64
		Release|Any CPU = Release|Any CPU
		Release|x64 = Release|x64
	EndGlobalSection
	GlobalSection(ProjectConfigurationPlatforms) = postSolution
		{A2653285-AE49-4537-8B18-8F77BFEA5F1D}.Debug|Any CPU.ActiveCfg = Debug|Any CPU
		{A2653285-AE49-4537-8B18-8F77BFEA5F1D}.Debug|Any CPU.Build.0 = Debug|Any CPU
		{A2653285-AE49-4537-8B18-8F77BFEA5F1D}.Debug|x64.ActiveCfg = Debug|Any CPU
		{A2653285-AE49-4537-8B18-8F77BFEA5F1D}.Debug|x64.Build.0 = Debug|Any CPU
		{A2653285-AE49-4537-8B18-8F77BFEA5F1D}.Release|Any CPU.ActiveCfg = Release|Any CPU
		{A2653285-AE49-4537-8B18-8F77BFEA5F1D}.Release|Any CPU.Build.0 = Release|Any CPU
		{A2653285-AE49-4537-8B18-8F77BFEA5F1D}.Release|x64.ActiveCfg = Release|Any CPU
		{A2653285-AE49-4537-8B18-8F77BFEA5F1D}.Release|x64.Build.0 = Release|Any CPU
		{F87BF805-4A17-4484-99E9-243522452BA3}.Debug|Any CPU.ActiveCfg = Debug|Any CPU
		{F87BF805-4A17-4484-99E9-243522452BA3}.Debug|Any CPU.Build.0 = Debug|Any CPU
		{F87BF805-4A17-4484-99E9-243522452BA3}.Debug|x64.ActiveCfg = Debug|x64
		{F87BF805-4A17-4484-99E9-243522452BA3}.Debug|x64.Build.0 = Debug|x64
		{F87BF805-4A17-4484-99E9-243522452BA3}.Release|Any CPU.ActiveCfg = Release|Any CPU
		{F87BF805-4A17-4484-99E9-243522452BA3}.Release|Any CPU.Build.0 = Release|Any CPU
		{F87BF805-4A17-4484-99E9-243522452BA3}.Release|x64.ActiveCfg = Release|x64
		{F87BF805-4A17-4484-99E9-243522452BA3}.Release|x64.Build.0 = Release|x64
		{288E9470-0EF9-4C73-BEEB-D231B864A8FC}.Debug|Any CPU.ActiveCfg = Debug|Any CPU
		{288E9470-0EF9-4C73-BEEB-D231B864A8FC}.Debug|Any CPU.Build.0 = Debug|Any CPU
		{288E9470-0EF9-4C73-BEEB-D231B864A8FC}.Debug|x64.ActiveCfg = Debug|Any CPU
		{288E9470-0EF9-4C73-BEEB-D231B864A8FC}.Debug|x64.Build.0 = Debug|Any CPU
		{288E9470-0EF9-4C73-BEEB-D231B864A8FC}.Release|Any CPU.ActiveCfg = Release|Any CPU
		{288E9470-0EF9-4C73-BEEB-D231B864A8FC}.Release|Any CPU.Build.0 = Release|Any CPU
		{288E9470-0EF9-4C73-BEEB-D231B864A8FC}.Release|x64.ActiveCfg = Release|Any CPU
		{288E9470-0EF9-4C73-BEEB-D231B864A8FC}.Release|x64.Build.0 = Release|Any CPU
		{7816EB1B-B215-44EB-97C3-5E309546EC4A}.Debug|Any CPU.ActiveCfg = Debug|Any CPU
		{7816EB1B-B215-44EB-97C3-5E309546EC4A}.Debug|Any CPU.Build.0 = Debug|Any CPU
		{7816EB1B-B215-44EB-97C3-5E309546EC4A}.Debug|x64.ActiveCfg = Debug|Any CPU
		{7816EB1B-B215-44EB-97C3-5E309546EC4A}.Debug|x64.Build.0 = Debug|Any CPU
		{7816EB1B-B215-44EB-97C3-5E309546EC4A}.Release|Any CPU.ActiveCfg = Release|Any CPU
		{7816EB1B-B215-44EB-97C3-5E309546EC4A}.Release|Any CPU.Build.0 = Release|Any CPU
		{7816EB1B-B215-44EB-97C3-5E309546EC4A}.Release|x64.ActiveCfg = Release|Any CPU
		{7816EB1B-B215-44EB-97C3-5E309546EC4A}.Release|x64.Build.0 = Release|Any CPU
		{87569B9B-DD81-4E47-A641-526FFA8D53F6}.Debug|Any CPU.ActiveCfg = Debug|Any CPU
		{87569B9B-DD81-4E47-A641-526FFA8D53F6}.Debug|Any CPU.Build.0 = Debug|Any CPU
		{87569B9B-DD81-4E47-A641-526FFA8D53F6}.Debug|x64.ActiveCfg = Debug|Any CPU
		{87569B9B-DD81-4E47-A641-526FFA8D53F6}.Debug|x64.Build.0 = Debug|Any CPU
		{87569B9B-DD81-4E47-A641-526FFA8D53F6}.Release|Any CPU.ActiveCfg = Release|Any CPU
		{87569B9B-DD81-4E47-A641-526FFA8D53F6}.Release|Any CPU.Build.0 = Release|Any CPU
		{87569B9B-DD81-4E47-A641-526FFA8D53F6}.Release|x64.ActiveCfg = Release|Any CPU
		{87569B9B-DD81-4E47-A641-526FFA8D53F6}.Release|x64.Build.0 = Release|Any CPU
		{30700967-54B6-4E9C-9B55-A7753B2C7112}.Debug|Any CPU.ActiveCfg = Debug|Any CPU
		{30700967-54B6-4E9C-9B55-A7753B2C7112}.Debug|Any CPU.Build.0 = Debug|Any CPU
		{30700967-54B6-4E9C-9B55-A7753B2C7112}.Debug|x64.ActiveCfg = Debug|Any CPU
		{30700967-54B6-4E9C-9B55-A7753B2C7112}.Debug|x64.Build.0 = Debug|Any CPU
		{30700967-54B6-4E9C-9B55-A7753B2C7112}.Release|Any CPU.ActiveCfg = Release|Any CPU
		{30700967-54B6-4E9C-9B55-A7753B2C7112}.Release|Any CPU.Build.0 = Release|Any CPU
		{30700967-54B6-4E9C-9B55-A7753B2C7112}.Release|x64.ActiveCfg = Release|Any CPU
		{30700967-54B6-4E9C-9B55-A7753B2C7112}.Release|x64.Build.0 = Release|Any CPU
		{03F4D06F-058E-4505-A386-B025A3A175F4}.Debug|Any CPU.ActiveCfg = Debug|Any CPU
		{03F4D06F-058E-4505-A386-B025A3A175F4}.Debug|Any CPU.Build.0 = Debug|Any CPU
		{03F4D06F-058E-4505-A386-B025A3A175F4}.Debug|x64.ActiveCfg = Debug|Any CPU
		{03F4D06F-058E-4505-A386-B025A3A175F4}.Debug|x64.Build.0 = Debug|Any CPU
		{03F4D06F-058E-4505-A386-B025A3A175F4}.Release|Any CPU.ActiveCfg = Release|Any CPU
		{03F4D06F-058E-4505-A386-B025A3A175F4}.Release|Any CPU.Build.0 = Release|Any CPU
		{03F4D06F-058E-4505-A386-B025A3A175F4}.Release|x64.ActiveCfg = Release|Any CPU
		{03F4D06F-058E-4505-A386-B025A3A175F4}.Release|x64.Build.0 = Release|Any CPU
		{DFDC66CF-1FBC-47A9-B618-0937F15D0DF5}.Debug|Any CPU.ActiveCfg = Debug|Any CPU
		{DFDC66CF-1FBC-47A9-B618-0937F15D0DF5}.Debug|Any CPU.Build.0 = Debug|Any CPU
		{DFDC66CF-1FBC-47A9-B618-0937F15D0DF5}.Debug|x64.ActiveCfg = Debug|Any CPU
		{DFDC66CF-1FBC-47A9-B618-0937F15D0DF5}.Debug|x64.Build.0 = Debug|Any CPU
		{DFDC66CF-1FBC-47A9-B618-0937F15D0DF5}.Release|Any CPU.ActiveCfg = Release|Any CPU
		{DFDC66CF-1FBC-47A9-B618-0937F15D0DF5}.Release|Any CPU.Build.0 = Release|Any CPU
		{DFDC66CF-1FBC-47A9-B618-0937F15D0DF5}.Release|x64.ActiveCfg = Release|Any CPU
		{DFDC66CF-1FBC-47A9-B618-0937F15D0DF5}.Release|x64.Build.0 = Release|Any CPU
		{5D1F4581-FD61-4D5C-A444-E3627922C299}.Debug|Any CPU.ActiveCfg = Debug|Any CPU
		{5D1F4581-FD61-4D5C-A444-E3627922C299}.Debug|Any CPU.Build.0 = Debug|Any CPU
		{5D1F4581-FD61-4D5C-A444-E3627922C299}.Debug|x64.ActiveCfg = Debug|Any CPU
		{5D1F4581-FD61-4D5C-A444-E3627922C299}.Debug|x64.Build.0 = Debug|Any CPU
		{5D1F4581-FD61-4D5C-A444-E3627922C299}.Release|Any CPU.ActiveCfg = Release|Any CPU
		{5D1F4581-FD61-4D5C-A444-E3627922C299}.Release|Any CPU.Build.0 = Release|Any CPU
		{5D1F4581-FD61-4D5C-A444-E3627922C299}.Release|x64.ActiveCfg = Release|Any CPU
		{5D1F4581-FD61-4D5C-A444-E3627922C299}.Release|x64.Build.0 = Release|Any CPU
		{04469A7D-EE88-408F-AEAD-F90E48E52527}.Debug|Any CPU.ActiveCfg = Debug|Any CPU
		{04469A7D-EE88-408F-AEAD-F90E48E52527}.Debug|Any CPU.Build.0 = Debug|Any CPU
		{04469A7D-EE88-408F-AEAD-F90E48E52527}.Debug|x64.ActiveCfg = Debug|Any CPU
		{04469A7D-EE88-408F-AEAD-F90E48E52527}.Debug|x64.Build.0 = Debug|Any CPU
		{04469A7D-EE88-408F-AEAD-F90E48E52527}.Release|Any CPU.ActiveCfg = Release|Any CPU
		{04469A7D-EE88-408F-AEAD-F90E48E52527}.Release|Any CPU.Build.0 = Release|Any CPU
		{04469A7D-EE88-408F-AEAD-F90E48E52527}.Release|x64.ActiveCfg = Release|Any CPU
		{04469A7D-EE88-408F-AEAD-F90E48E52527}.Release|x64.Build.0 = Release|Any CPU
		{03474BAB-90D5-4754-92C6-583D97D588AA}.Debug|Any CPU.ActiveCfg = Debug|Any CPU
		{03474BAB-90D5-4754-92C6-583D97D588AA}.Debug|Any CPU.Build.0 = Debug|Any CPU
		{03474BAB-90D5-4754-92C6-583D97D588AA}.Debug|x64.ActiveCfg = Debug|Any CPU
		{03474BAB-90D5-4754-92C6-583D97D588AA}.Debug|x64.Build.0 = Debug|Any CPU
		{03474BAB-90D5-4754-92C6-583D97D588AA}.Release|Any CPU.ActiveCfg = Release|Any CPU
		{03474BAB-90D5-4754-92C6-583D97D588AA}.Release|Any CPU.Build.0 = Release|Any CPU
		{03474BAB-90D5-4754-92C6-583D97D588AA}.Release|x64.ActiveCfg = Release|Any CPU
		{03474BAB-90D5-4754-92C6-583D97D588AA}.Release|x64.Build.0 = Release|Any CPU
		{6E3F76BD-7000-4F7A-A74F-89DE4B9464EA}.Debug|Any CPU.ActiveCfg = Debug|Any CPU
		{6E3F76BD-7000-4F7A-A74F-89DE4B9464EA}.Debug|Any CPU.Build.0 = Debug|Any CPU
		{6E3F76BD-7000-4F7A-A74F-89DE4B9464EA}.Debug|x64.ActiveCfg = Debug|Any CPU
		{6E3F76BD-7000-4F7A-A74F-89DE4B9464EA}.Debug|x64.Build.0 = Debug|Any CPU
		{6E3F76BD-7000-4F7A-A74F-89DE4B9464EA}.Release|Any CPU.ActiveCfg = Release|Any CPU
		{6E3F76BD-7000-4F7A-A74F-89DE4B9464EA}.Release|Any CPU.Build.0 = Release|Any CPU
		{6E3F76BD-7000-4F7A-A74F-89DE4B9464EA}.Release|x64.ActiveCfg = Release|Any CPU
		{6E3F76BD-7000-4F7A-A74F-89DE4B9464EA}.Release|x64.Build.0 = Release|Any CPU
		{E964932B-2C91-4FF1-9A84-69D952B4234C}.Debug|Any CPU.ActiveCfg = Debug|Any CPU
		{E964932B-2C91-4FF1-9A84-69D952B4234C}.Debug|Any CPU.Build.0 = Debug|Any CPU
		{E964932B-2C91-4FF1-9A84-69D952B4234C}.Debug|x64.ActiveCfg = Debug|Any CPU
		{E964932B-2C91-4FF1-9A84-69D952B4234C}.Debug|x64.Build.0 = Debug|Any CPU
		{E964932B-2C91-4FF1-9A84-69D952B4234C}.Release|Any CPU.ActiveCfg = Release|Any CPU
		{E964932B-2C91-4FF1-9A84-69D952B4234C}.Release|Any CPU.Build.0 = Release|Any CPU
		{E964932B-2C91-4FF1-9A84-69D952B4234C}.Release|x64.ActiveCfg = Release|Any CPU
		{E964932B-2C91-4FF1-9A84-69D952B4234C}.Release|x64.Build.0 = Release|Any CPU
		{E5CF633F-7F74-410A-AA08-E698DA555AE4}.Debug|Any CPU.ActiveCfg = Debug|Any CPU
		{E5CF633F-7F74-410A-AA08-E698DA555AE4}.Debug|Any CPU.Build.0 = Debug|Any CPU
		{E5CF633F-7F74-410A-AA08-E698DA555AE4}.Debug|x64.ActiveCfg = Debug|Any CPU
		{E5CF633F-7F74-410A-AA08-E698DA555AE4}.Debug|x64.Build.0 = Debug|Any CPU
		{E5CF633F-7F74-410A-AA08-E698DA555AE4}.Release|Any CPU.ActiveCfg = Release|Any CPU
		{E5CF633F-7F74-410A-AA08-E698DA555AE4}.Release|Any CPU.Build.0 = Release|Any CPU
		{E5CF633F-7F74-410A-AA08-E698DA555AE4}.Release|x64.ActiveCfg = Release|Any CPU
		{E5CF633F-7F74-410A-AA08-E698DA555AE4}.Release|x64.Build.0 = Release|Any CPU
		{8EB60395-985F-4D39-A687-E1125396CA57}.Debug|Any CPU.ActiveCfg = Debug|Any CPU
		{8EB60395-985F-4D39-A687-E1125396CA57}.Debug|Any CPU.Build.0 = Debug|Any CPU
		{8EB60395-985F-4D39-A687-E1125396CA57}.Debug|x64.ActiveCfg = Debug|Any CPU
		{8EB60395-985F-4D39-A687-E1125396CA57}.Debug|x64.Build.0 = Debug|Any CPU
		{8EB60395-985F-4D39-A687-E1125396CA57}.Release|Any CPU.ActiveCfg = Release|Any CPU
		{8EB60395-985F-4D39-A687-E1125396CA57}.Release|Any CPU.Build.0 = Release|Any CPU
		{8EB60395-985F-4D39-A687-E1125396CA57}.Release|x64.ActiveCfg = Release|Any CPU
		{8EB60395-985F-4D39-A687-E1125396CA57}.Release|x64.Build.0 = Release|Any CPU
	EndGlobalSection
	GlobalSection(SolutionProperties) = preSolution
		HideSolutionNode = FALSE
	EndGlobalSection
	GlobalSection(ExtensibilityGlobals) = postSolution
		SolutionGuid = {7D53AB96-244B-4597-8125-F7920E3B6814}
	EndGlobalSection
EndGlobal
